
Microsoft Visual Studio Solution File, Format Version 12.00
Project("{FAE04EC0-301F-11D3-BF4B-00C04F79EFBC}") = "TournamentApi", "TournamentApi\TournamentApi.csproj", "{3022E384-5A0A-4525-BEC6-0F0784D81D88}"
EndProject
Project("{FAE04EC0-301F-11D3-BF4B-00C04F79EFBC}") = "Business", "Business\Business.csproj", "{455EE492-0DD4-46A8-9762-4D1A2ACA620A}"
EndProject
Project("{FAE04EC0-301F-11D3-BF4B-00C04F79EFBC}") = "DataAccess", "DataAccess\DataAccess.csproj", "{5A797D94-1E88-4481-A6B9-B539077D864C}"
EndProject
Global
	GlobalSection(SolutionConfigurationPlatforms) = preSolution
		Debug|Any CPU = Debug|Any CPU
		Release|Any CPU = Release|Any CPU
	EndGlobalSection
	GlobalSection(ProjectConfigurationPlatforms) = postSolution
		{3022E384-5A0A-4525-BEC6-0F0784D81D88}.Debug|Any CPU.ActiveCfg = Debug|Any CPU
		{3022E384-5A0A-4525-BEC6-0F0784D81D88}.Debug|Any CPU.Build.0 = Debug|Any CPU
		{3022E384-5A0A-4525-BEC6-0F0784D81D88}.Release|Any CPU.ActiveCfg = Release|Any CPU
		{3022E384-5A0A-4525-BEC6-0F0784D81D88}.Release|Any CPU.Build.0 = Release|Any CPU
		{455EE492-0DD4-46A8-9762-4D1A2ACA620A}.Debug|Any CPU.ActiveCfg = Debug|Any CPU
		{455EE492-0DD4-46A8-9762-4D1A2ACA620A}.Debug|Any CPU.Build.0 = Debug|Any CPU
		{455EE492-0DD4-46A8-9762-4D1A2ACA620A}.Release|Any CPU.ActiveCfg = Release|Any CPU
		{455EE492-0DD4-46A8-9762-4D1A2ACA620A}.Release|Any CPU.Build.0 = Release|Any CPU
		{5A797D94-1E88-4481-A6B9-B539077D864C}.Debug|Any CPU.ActiveCfg = Debug|Any CPU
		{5A797D94-1E88-4481-A6B9-B539077D864C}.Debug|Any CPU.Build.0 = Debug|Any CPU
		{5A797D94-1E88-4481-A6B9-B539077D864C}.Release|Any CPU.ActiveCfg = Release|Any CPU
		{5A797D94-1E88-4481-A6B9-B539077D864C}.Release|Any CPU.Build.0 = Release|Any CPU
	EndGlobalSection
EndGlobal
