
Microsoft Visual Studio Solution File, Format Version 12.00
# Visual Studio Version 17
VisualStudioVersion = 17.5.33516.290
MinimumVisualStudioVersion = 10.0.40219.1
Project("{9A19103F-16F7-4668-BE54-9A1E7A4F7556}") = "TournamentApi", "TournamentApi\TournamentApi.csproj", "{3022E384-5A0A-4525-BEC6-0F0784D81D88}"
EndProject
Project("{9A19103F-16F7-4668-BE54-9A1E7A4F7556}") = "Business", "Business\Business.csproj", "{455EE492-0DD4-46A8-9762-4D1A2ACA620A}"
EndProject
Project("{9A19103F-16F7-4668-BE54-9A1E7A4F7556}") = "DataAccess", "DataAccess\DataAccess.csproj", "{5A797D94-1E88-4481-A6B9-B539077D864C}"
EndProject
Project("{2150E333-8FDC-42A3-9474-1A3956D46DE8}") = "Postman Collection", "Postman Collection", "{2FA841A5-02F7-436E-960D-DE0AD61FEAD2}"
	ProjectSection(SolutionItems) = preProject
		..\..\Tournament.postman_collection.json = ..\..\Tournament.postman_collection.json
	EndProjectSection
EndProject
Global
	GlobalSection(SolutionConfigurationPlatforms) = preSolution
		Debug|Any CPU = Debug|Any CPU
		Release|Any CPU = Release|Any CPU
	EndGlobalSection
	GlobalSection(ProjectConfigurationPlatforms) = postSolution
		{3022E384-5A0A-4525-BEC6-0F0784D81D88}.Debug|Any CPU.ActiveCfg = Debug|Any CPU
		{3022E384-5A0A-4525-BEC6-0F0784D81D88}.Debug|Any CPU.Build.0 = Debug|Any CPU
		{3022E384-5A0A-4525-BEC6-0F0784D81D88}.Release|Any CPU.ActiveCfg = Release|Any CPU
		{3022E384-5A0A-4525-BEC6-0F0784D81D88}.Release|Any CPU.Build.0 = Release|Any CPU
		{455EE492-0DD4-46A8-9762-4D1A2ACA620A}.Debug|Any CPU.ActiveCfg = Debug|Any CPU
		{455EE492-0DD4-46A8-9762-4D1A2ACA620A}.Debug|Any CPU.Build.0 = Debug|Any CPU
		{455EE492-0DD4-46A8-9762-4D1A2ACA620A}.Release|Any CPU.ActiveCfg = Release|Any CPU
		{455EE492-0DD4-46A8-9762-4D1A2ACA620A}.Release|Any CPU.Build.0 = Release|Any CPU
		{5A797D94-1E88-4481-A6B9-B539077D864C}.Debug|Any CPU.ActiveCfg = Debug|Any CPU
		{5A797D94-1E88-4481-A6B9-B539077D864C}.Debug|Any CPU.Build.0 = Debug|Any CPU
		{5A797D94-1E88-4481-A6B9-B539077D864C}.Release|Any CPU.ActiveCfg = Release|Any CPU
		{5A797D94-1E88-4481-A6B9-B539077D864C}.Release|Any CPU.Build.0 = Release|Any CPU
	EndGlobalSection
	GlobalSection(SolutionProperties) = preSolution
		HideSolutionNode = FALSE
	EndGlobalSection
EndGlobal
